version: 1.0
shards:
  aquaplot:
    github: crystal-data/aquaplot
    commit: a0373276c15996842826214b7f580c88a589347e

  ishi:
    github: toddsundsted/ishi
    commit: 1bb8048f177024afb56edd15cc4f567db420fe91

  statistics:
    github: lbarasti/statistics
    commit: 4408460de1dbda4d4e75f08574d9c59bf1f5f16b

  tablo:
    github: hutou/tablo
    version: 0.9.3

